
Microsoft Visual Studio Solution File, Format Version 12.00
# Visual Studio Version 17
VisualStudioVersion = 17.5.002.0
MinimumVisualStudioVersion = 10.0.40219.1
Project("{9A19103F-16F7-4668-BE54-9A1E7A4F7556}") = "database-migration", "database-migration.csproj", "{661F8202-4F38-4426-AC81-22B5346B2584}"
EndProject
Global
	GlobalSection(SolutionConfigurationPlatforms) = preSolution
		Debug|Any CPU = Debug|Any CPU
		Release|Any CPU = Release|Any CPU
	EndGlobalSection
	GlobalSection(ProjectConfigurationPlatforms) = postSolution
		{661F8202-4F38-4426-AC81-22B5346B2584}.Debug|Any CPU.ActiveCfg = Debug|Any CPU
		{661F8202-4F38-4426-AC81-22B5346B2584}.Debug|Any CPU.Build.0 = Debug|Any CPU
		{661F8202-4F38-4426-AC81-22B5346B2584}.Release|Any CPU.ActiveCfg = Release|Any CPU
		{661F8202-4F38-4426-AC81-22B5346B2584}.Release|Any CPU.Build.0 = Release|Any CPU
	EndGlobalSection
	GlobalSection(SolutionProperties) = preSolution
		HideSolutionNode = FALSE
	EndGlobalSection
	GlobalSection(ExtensibilityGlobals) = postSolution
		SolutionGuid = {FEB18735-0557-4CE3-BD5D-3C723313A96F}
	EndGlobalSection
EndGlobal
